
Microsoft Visual Studio Solution File, Format Version 12.00
# Visual Studio Version 17
VisualStudioVersion = 17.4.33103.184
MinimumVisualStudioVersion = 10.0.40219.1
Project("{FAE04EC0-301F-11D3-BF4B-00C04F79EFBC}") = "t-P_Prog-Schafstall-Ethan-Demineur", "t-P_Prog-Schafstall-Ethan-Demineur.csproj", "{AE3393F5-B278-409C-AB6C-15D72E9ABAAB}"
EndProject
Global
	GlobalSection(SolutionConfigurationPlatforms) = preSolution
		Debug|Any CPU = Debug|Any CPU
		Release|Any CPU = Release|Any CPU
	EndGlobalSection
	GlobalSection(ProjectConfigurationPlatforms) = postSolution
		{AE3393F5-B278-409C-AB6C-15D72E9ABAAB}.Debug|Any CPU.ActiveCfg = Debug|Any CPU
		{AE3393F5-B278-409C-AB6C-15D72E9ABAAB}.Debug|Any CPU.Build.0 = Debug|Any CPU
		{AE3393F5-B278-409C-AB6C-15D72E9ABAAB}.Release|Any CPU.ActiveCfg = Release|Any CPU
		{AE3393F5-B278-409C-AB6C-15D72E9ABAAB}.Release|Any CPU.Build.0 = Release|Any CPU
	EndGlobalSection
	GlobalSection(SolutionProperties) = preSolution
		HideSolutionNode = FALSE
	EndGlobalSection
	GlobalSection(ExtensibilityGlobals) = postSolution
		SolutionGuid = {2E080284-96A3-46DB-AA38-CE9026FEDAF5}
	EndGlobalSection
EndGlobal
